
Microsoft Visual Studio Solution File, Format Version 10.00
# Visual Studio 2008
Project("{FAE04EC0-301F-11D3-BF4B-00C04F79EFBC}") = "RTDTest", "RTDTest\RTDTest.csproj", "{84E16EF1-D853-49FF-A926-CB8A5D99FD6C}"
EndProject
Global
	GlobalSection(SolutionConfigurationPlatforms) = preSolution
		Debug|Any CPU = Debug|Any CPU
		Release|Any CPU = Release|Any CPU
	EndGlobalSection
	GlobalSection(ProjectConfigurationPlatforms) = postSolution
		{84E16EF1-D853-49FF-A926-CB8A5D99FD6C}.Debug|Any CPU.ActiveCfg = Debug|Any CPU
		{84E16EF1-D853-49FF-A926-CB8A5D99FD6C}.Debug|Any CPU.Build.0 = Debug|Any CPU
		{84E16EF1-D853-49FF-A926-CB8A5D99FD6C}.Release|Any CPU.ActiveCfg = Release|Any CPU
		{84E16EF1-D853-49FF-A926-CB8A5D99FD6C}.Release|Any CPU.Build.0 = Release|Any CPU
	EndGlobalSection
	GlobalSection(SolutionProperties) = preSolution
		HideSolutionNode = FALSE
	EndGlobalSection
EndGlobal
